
Microsoft Visual Studio Solution File, Format Version 12.00
# Visual Studio Version 16
VisualStudioVersion = 16.0.30907.101
MinimumVisualStudioVersion = 10.0.40219.1
Project("{FAE04EC0-301F-11D3-BF4B-00C04F79EFBC}") = "RoutingSession", "RoutingSession\RoutingSession.csproj", "{9E988B9E-E42C-499A-A655-FB2E3DCC9AB2}"
EndProject
Project("{9A19103F-16F7-4668-BE54-9A1E7A4F7556}") = "Sort Benchmark", "Sort Benchmark\Sort Benchmark.csproj", "{08A8EDCF-5ACF-4C64-BE5B-CC93AAC68BB3}"
EndProject
Global
	GlobalSection(SolutionConfigurationPlatforms) = preSolution
		Debug|Any CPU = Debug|Any CPU
		Release|Any CPU = Release|Any CPU
	EndGlobalSection
	GlobalSection(ProjectConfigurationPlatforms) = postSolution
		{9E988B9E-E42C-499A-A655-FB2E3DCC9AB2}.Debug|Any CPU.ActiveCfg = Debug|Any CPU
		{9E988B9E-E42C-499A-A655-FB2E3DCC9AB2}.Debug|Any CPU.Build.0 = Debug|Any CPU
		{9E988B9E-E42C-499A-A655-FB2E3DCC9AB2}.Release|Any CPU.ActiveCfg = Release|Any CPU
		{9E988B9E-E42C-499A-A655-FB2E3DCC9AB2}.Release|Any CPU.Build.0 = Release|Any CPU
		{08A8EDCF-5ACF-4C64-BE5B-CC93AAC68BB3}.Debug|Any CPU.ActiveCfg = Debug|Any CPU
		{08A8EDCF-5ACF-4C64-BE5B-CC93AAC68BB3}.Debug|Any CPU.Build.0 = Debug|Any CPU
		{08A8EDCF-5ACF-4C64-BE5B-CC93AAC68BB3}.Release|Any CPU.ActiveCfg = Release|Any CPU
		{08A8EDCF-5ACF-4C64-BE5B-CC93AAC68BB3}.Release|Any CPU.Build.0 = Release|Any CPU
	EndGlobalSection
	GlobalSection(SolutionProperties) = preSolution
		HideSolutionNode = FALSE
	EndGlobalSection
	GlobalSection(ExtensibilityGlobals) = postSolution
		SolutionGuid = {D8016D06-89AD-4558-A373-AA23842B7344}
	EndGlobalSection
EndGlobal
